
Microsoft Visual Studio Solution File, Format Version 12.00
# Visual Studio Version 17
VisualStudioVersion = 17.0.31903.59
MinimumVisualStudioVersion = 10.0.40219.1
Project("{FAE04EC0-301F-11D3-BF4B-00C04F79EFBC}") = "api-gateway", "api-gateway\api-gateway.csproj", "{4D975BD2-D40D-4447-88FF-F236BD347577}"
EndProject
Project("{FAE04EC0-301F-11D3-BF4B-00C04F79EFBC}") = "user-service", "user-service\user-service.csproj", "{639D64A5-D31A-4C16-A181-36287F24F87D}"
EndProject
Project("{FAE04EC0-301F-11D3-BF4B-00C04F79EFBC}") = "social-service", "social-service\social-service.csproj", "{7F180A74-9E16-4CF2-AD69-0EC97DCAC769}"
EndProject
Project("{FAE04EC0-301F-11D3-BF4B-00C04F79EFBC}") = "wallet-service", "wallet-service\wallet-service.csproj", "{F250E2A3-D385-465A-B4DE-A5C8F1DCE694}"
EndProject
Global
	GlobalSection(SolutionConfigurationPlatforms) = preSolution
		Debug|Any CPU = Debug|Any CPU
		Release|Any CPU = Release|Any CPU
	EndGlobalSection
	GlobalSection(SolutionProperties) = preSolution
		HideSolutionNode = FALSE
	EndGlobalSection
	GlobalSection(ProjectConfigurationPlatforms) = postSolution
		{4D975BD2-D40D-4447-88FF-F236BD347577}.Debug|Any CPU.ActiveCfg = Debug|Any CPU
		{4D975BD2-D40D-4447-88FF-F236BD347577}.Debug|Any CPU.Build.0 = Debug|Any CPU
		{4D975BD2-D40D-4447-88FF-F236BD347577}.Release|Any CPU.ActiveCfg = Release|Any CPU
		{4D975BD2-D40D-4447-88FF-F236BD347577}.Release|Any CPU.Build.0 = Release|Any CPU
		{639D64A5-D31A-4C16-A181-36287F24F87D}.Debug|Any CPU.ActiveCfg = Debug|Any CPU
		{639D64A5-D31A-4C16-A181-36287F24F87D}.Debug|Any CPU.Build.0 = Debug|Any CPU
		{639D64A5-D31A-4C16-A181-36287F24F87D}.Release|Any CPU.ActiveCfg = Release|Any CPU
		{639D64A5-D31A-4C16-A181-36287F24F87D}.Release|Any CPU.Build.0 = Release|Any CPU
		{7F180A74-9E16-4CF2-AD69-0EC97DCAC769}.Debug|Any CPU.ActiveCfg = Debug|Any CPU
		{7F180A74-9E16-4CF2-AD69-0EC97DCAC769}.Debug|Any CPU.Build.0 = Debug|Any CPU
		{7F180A74-9E16-4CF2-AD69-0EC97DCAC769}.Release|Any CPU.ActiveCfg = Release|Any CPU
		{7F180A74-9E16-4CF2-AD69-0EC97DCAC769}.Release|Any CPU.Build.0 = Release|Any CPU
		{F250E2A3-D385-465A-B4DE-A5C8F1DCE694}.Debug|Any CPU.ActiveCfg = Debug|Any CPU
		{F250E2A3-D385-465A-B4DE-A5C8F1DCE694}.Debug|Any CPU.Build.0 = Debug|Any CPU
		{F250E2A3-D385-465A-B4DE-A5C8F1DCE694}.Release|Any CPU.ActiveCfg = Release|Any CPU
		{F250E2A3-D385-465A-B4DE-A5C8F1DCE694}.Release|Any CPU.Build.0 = Release|Any CPU
	EndGlobalSection
EndGlobal
